
Microsoft Visual Studio Solution File, Format Version 12.00
# Visual Studio 15
VisualStudioVersion = 15.0.28307.329
MinimumVisualStudioVersion = 10.0.40219.1
Project("{FAE04EC0-301F-11D3-BF4B-00C04F79EFBC}") = "Exceptions", "Exceptions\Exceptions.csproj", "{A64D3D3D-2DD4-4428-AC6F-869075445CAA}"
EndProject
Global
	GlobalSection(SolutionConfigurationPlatforms) = preSolution
		Debug|Any CPU = Debug|Any CPU
		Release|Any CPU = Release|Any CPU
	EndGlobalSection
	GlobalSection(ProjectConfigurationPlatforms) = postSolution
		{A64D3D3D-2DD4-4428-AC6F-869075445CAA}.Debug|Any CPU.ActiveCfg = Debug|Any CPU
		{A64D3D3D-2DD4-4428-AC6F-869075445CAA}.Debug|Any CPU.Build.0 = Debug|Any CPU
		{A64D3D3D-2DD4-4428-AC6F-869075445CAA}.Release|Any CPU.ActiveCfg = Release|Any CPU
		{A64D3D3D-2DD4-4428-AC6F-869075445CAA}.Release|Any CPU.Build.0 = Release|Any CPU
	EndGlobalSection
	GlobalSection(SolutionProperties) = preSolution
		HideSolutionNode = FALSE
	EndGlobalSection
	GlobalSection(ExtensibilityGlobals) = postSolution
		SolutionGuid = {12E59041-EA1E-47F7-AB14-B7E6806192C9}
	EndGlobalSection
EndGlobal
